
Microsoft Visual Studio Solution File, Format Version 12.00
# Visual Studio Version 17
VisualStudioVersion = 17.14.36518.9
MinimumVisualStudioVersion = 10.0.40219.1
Project("{FAE04EC0-301F-11D3-BF4B-00C04F79EFBC}") = "CinemaReservation", "src\CinemaReservation\CinemaReservation.csproj", "{701BEEB0-C344-487F-A546-4A5BC49AFF6B}"
EndProject
Project("{2150E333-8FDC-42A3-9474-1A3956D46DE8}") = "src", "src", "{02EA681E-C7D8-13C7-8484-4AC65E1B71E8}"
EndProject
Project("{2150E333-8FDC-42A3-9474-1A3956D46DE8}") = "test", "test", "{8DC2F41A-C809-4EBA-BF4B-2D9BBD4B4CDA}"
EndProject
Project("{FAE04EC0-301F-11D3-BF4B-00C04F79EFBC}") = "CinemaReservation.Tests", "test\CinemaReservation.Tests\CinemaReservation.Tests.csproj", "{A849755F-657D-4617-B074-CEB7E18A6323}"
EndProject
Project("{FAE04EC0-301F-11D3-BF4B-00C04F79EFBC}") = "CinemaConsole", "src\CinemaConsole\CinemaConsole.csproj", "{C9979F14-D2DF-42D3-ADA1-937DF3FDCF53}"
EndProject
Global
	GlobalSection(SolutionConfigurationPlatforms) = preSolution
		Debug|Any CPU = Debug|Any CPU
		Release|Any CPU = Release|Any CPU
	EndGlobalSection
	GlobalSection(ProjectConfigurationPlatforms) = postSolution
		{701BEEB0-C344-487F-A546-4A5BC49AFF6B}.Debug|Any CPU.ActiveCfg = Debug|Any CPU
		{701BEEB0-C344-487F-A546-4A5BC49AFF6B}.Debug|Any CPU.Build.0 = Debug|Any CPU
		{701BEEB0-C344-487F-A546-4A5BC49AFF6B}.Release|Any CPU.ActiveCfg = Release|Any CPU
		{701BEEB0-C344-487F-A546-4A5BC49AFF6B}.Release|Any CPU.Build.0 = Release|Any CPU
		{A849755F-657D-4617-B074-CEB7E18A6323}.Debug|Any CPU.ActiveCfg = Debug|Any CPU
		{A849755F-657D-4617-B074-CEB7E18A6323}.Debug|Any CPU.Build.0 = Debug|Any CPU
		{A849755F-657D-4617-B074-CEB7E18A6323}.Release|Any CPU.ActiveCfg = Release|Any CPU
		{A849755F-657D-4617-B074-CEB7E18A6323}.Release|Any CPU.Build.0 = Release|Any CPU
		{C9979F14-D2DF-42D3-ADA1-937DF3FDCF53}.Debug|Any CPU.ActiveCfg = Debug|Any CPU
		{C9979F14-D2DF-42D3-ADA1-937DF3FDCF53}.Debug|Any CPU.Build.0 = Debug|Any CPU
		{C9979F14-D2DF-42D3-ADA1-937DF3FDCF53}.Release|Any CPU.ActiveCfg = Release|Any CPU
		{C9979F14-D2DF-42D3-ADA1-937DF3FDCF53}.Release|Any CPU.Build.0 = Release|Any CPU
	EndGlobalSection
	GlobalSection(SolutionProperties) = preSolution
		HideSolutionNode = FALSE
	EndGlobalSection
	GlobalSection(NestedProjects) = preSolution
		{701BEEB0-C344-487F-A546-4A5BC49AFF6B} = {02EA681E-C7D8-13C7-8484-4AC65E1B71E8}
		{A849755F-657D-4617-B074-CEB7E18A6323} = {8DC2F41A-C809-4EBA-BF4B-2D9BBD4B4CDA}
		{C9979F14-D2DF-42D3-ADA1-937DF3FDCF53} = {02EA681E-C7D8-13C7-8484-4AC65E1B71E8}
	EndGlobalSection
	GlobalSection(ExtensibilityGlobals) = postSolution
		SolutionGuid = {DB2334AB-374B-4BC9-8D3C-8865412581A6}
	EndGlobalSection
EndGlobal
